// !$*UTF8*$!
{
	archiveVersion = 1;
	classes = {
	};
	objectVersion = 46;
	objects = {

/* Begin PBXBuildFile section */
		BF0FF2591B06FA710073C05D /* AppDelegate.m in Sources */ = {isa = PBXBuildFile; fileRef = BF0FF2581B06FA710073C05D /* AppDelegate.m */; };
		BF0FF25B1B06FA710073C05D /* main.m in Sources */ = {isa = PBXBuildFile; fileRef = BF0FF25A1B06FA710073C05D /* main.m */; };
		BF0FF25E1B06FA710073C05D /* ViewController.m in Sources */ = {isa = PBXBuildFile; fileRef = BF0FF25D1B06FA710073C05D /* ViewController.m */; };
		BF0FF2601B06FA710073C05D /* Images.xcassets in Resources */ = {isa = PBXBuildFile; fileRef = BF0FF25F1B06FA710073C05D /* Images.xcassets */; };
		BF0FF2631B06FA710073C05D /* Main.storyboard in Resources */ = {isa = PBXBuildFile; fileRef = BF0FF2611B06FA710073C05D /* Main.storyboard */; };
		BF0FF26F1B06FA710073C05D /* ToolTests.m in Sources */ = {isa = PBXBuildFile; fileRef = BF0FF26E1B06FA710073C05D /* ToolTests.m */; };
/* End PBXBuildFile section */

/* Begin PBXContainerItemProxy section */
		BF0FF2691B06FA710073C05D /* PBXContainerItemProxy */ = {
			isa = PBXContainerItemProxy;
			containerPortal = BF0FF24A1B06FA710073C05D /* Project object */;
			proxyType = 1;
			remoteGlobalIDString = BF0FF2511B06FA710073C05D;
			remoteInfo = Tool;
		};
/* End PBXContainerItemProxy section */

/* Begin PBXFileReference section */
		BF0FF2521B06FA710073C05D /* Tool.app */ = {isa = PBXFileReference; explicitFileType = wrapper.application; includeInIndex = 0; path = Tool.app; sourceTree = BUILT_PRODUCTS_DIR; };
		BF0FF2561B06FA710073C05D /* Info.plist */ = {isa = PBXFileReference; lastKnownFileType = text.plist.xml; path = Info.plist; sourceTree = "<group>"; };
		BF0FF2571B06FA710073C05D /* AppDelegate.h */ = {isa = PBXFileReference; lastKnownFileType = sourcecode.c.h; path = AppDelegate.h; sourceTree = "<group>"; };
		BF0FF2581B06FA710073C05D /* AppDelegate.m */ = {isa = PBXFileReference; lastKnownFileType = sourcecode.c.objc; path = AppDelegate.m; sourceTree = "<group>"; };
		BF0FF25A1B06FA710073C05D /* main.m */ = {isa = PBXFileReference; lastKnownFileType = sourcecode.c.objc; path = main.m; sourceTree = "<group>"; };
		BF0FF25C1B06FA710073C05D /* ViewController.h */ = {isa = PBXFileReference; lastKnownFileType = sourcecode.c.h; path = ViewController.h; sourceTree = "<group>"; };
		BF0FF25D1B06FA710073C05D /* ViewController.m */ = {isa = PBXFileReference; lastKnownFileType = sourcecode.c.objc; path = ViewController.m; sourceTree = "<group>"; };
		BF0FF25F1B06FA710073C05D /* Images.xcassets */ = {isa = PBXFileReference; lastKnownFileType = folder.assetcatalog; path = Images.xcassets; sourceTree = "<group>"; };
		BF0FF2621B06FA710073C05D /* Base */ = {isa = PBXFileReference; lastKnownFileType = file.storyboard; name = Base; path = Base.lproj/Main.storyboard; sourceTree = "<group>"; };
		BF0FF2681B06FA710073C05D /* ToolTests.xctest */ = {isa = PBXFileReference; explicitFileType = wrapper.cfbundle; includeInIndex = 0; path = ToolTests.xctest; sourceTree = BUILT_PRODUCTS_DIR; };
		BF0FF26D1B06FA710073C05D /* Info.plist */ = {isa = PBXFileReference; lastKnownFileType = text.plist.xml; path = Info.plist; sourceTree = "<group>"; };
		BF0FF26E1B06FA710073C05D /* ToolTests.m */ = {isa = PBXFileReference; lastKnownFileType = sourcecode.c.objc; path = ToolTests.m; sourceTree = "<group>"; };
/* End PBXFileReference section */

/* Begin PBXFrameworksBuildPhase section */
		BF0FF24F1B06FA710073C05D /* Frameworks */ = {
			isa = PBXFrameworksBuildPhase;
			buildActionMask = 2147483647;
			files = (
			);
			runOnlyForDeploymentPostprocessing = 0;
		};
		BF0FF2651B06FA710073C05D /* Frameworks */ = {
			isa = PBXFrameworksBuildPhase;
			buildActionMask = 2147483647;
			files = (
			);
			runOnlyForDeploymentPostprocessing = 0;
		};
/* End PBXFrameworksBuildPhase section */

/* Begin PBXGroup section */
		BF0FF2491B06FA710073C05D = {
			isa = PBXGroup;
			children = (
				BF0FF2541B06FA710073C05D /* Tool */,
				BF0FF26B1B06FA710073C05D /* ToolTests */,
				BF0FF2531B06FA710073C05D /* Products */,
			);
			sourceTree = "<group>";
		};
		BF0FF2531B06FA710073C05D /* Products */ = {
			isa = PBXGroup;
			children = (
				BF0FF2521B06FA710073C05D /* Tool.app */,
				BF0FF2681B06FA710073C05D /* ToolTests.xctest */,
			);
			name = Products;
			sourceTree = "<group>";
		};
		BF0FF2541B06FA710073C05D /* Tool */ = {
			isa = PBXGroup;
			children = (
				BF0FF2571B06FA710073C05D /* AppDelegate.h */,
				BF0FF2581B06FA710073C05D /* AppDelegate.m */,
				BF0FF25C1B06FA710073C05D /* ViewController.h */,
				BF0FF25D1B06FA710073C05D /* ViewController.m */,
				BF0FF25F1B06FA710073C05D /* Images.xcassets */,
				BF0FF2611B06FA710073C05D /* Main.storyboard */,
				BF0FF2551B06FA710073C05D /* Supporting Files */,
			);
			path = Tool;
			sourceTree = "<group>";
		};
		BF0FF2551B06FA710073C05D /* Supporting Files */ = {
			isa = PBXGroup;
			children = (
				BF0FF2561B06FA710073C05D /* Info.plist */,
				BF0FF25A1B06FA710073C05D /* main.m */,
			);
			name = "Supporting Files";
			sourceTree = "<group>";
		};
		BF0FF26B1B06FA710073C05D /* ToolTests */ = {
			isa = PBXGroup;
			children = (
				BF0FF26E1B06FA710073C05D /* ToolTests.m */,
				BF0FF26C1B06FA710073C05D /* Supporting Files */,
			);
			path = ToolTests;
			sourceTree = "<group>";
		};
		BF0FF26C1B06FA710073C05D /* Supporting Files */ = {
			isa = PBXGroup;
			children = (
				BF0FF26D1B06FA710073C05D /* Info.plist */,
			);
			name = "Supporting Files";
			sourceTree = "<group>";
		};
/* End PBXGroup section */

/* Begin PBXNativeTarget section */
		BF0FF2511B06FA710073C05D /* Tool */ = {
			isa = PBXNativeTarget;
			buildConfigurationList = BF0FF2721B06FA710073C05D /* Build configuration list for PBXNativeTarget "Tool" */;
			buildPhases = (
				BF0FF24E1B06FA710073C05D /* Sources */,
				BF0FF24F1B06FA710073C05D /* Frameworks */,
				BF0FF2501B06FA710073C05D /* Resources */,
			);
			buildRules = (
			);
			dependencies = (
			);
			name = Tool;
			productName = Tool;
			productReference = BF0FF2521B06FA710073C05D /* Tool.app */;
			productType = "com.apple.product-type.application";
		};
		BF0FF2671B06FA710073C05D /* ToolTests */ = {
			isa = PBXNativeTarget;
			buildConfigurationList = BF0FF2751B06FA710073C05D /* Build configuration list for PBXNativeTarget "ToolTests" */;
			buildPhases = (
				BF0FF2641B06FA710073C05D /* Sources */,
				BF0FF2651B06FA710073C05D /* Frameworks */,
				BF0FF2661B06FA710073C05D /* Resources */,
			);
			buildRules = (
			);
			dependencies = (
				BF0FF26A1B06FA710073C05D /* PBXTargetDependency */,
			);
			name = ToolTests;
			productName = ToolTests;
			productReference = BF0FF2681B06FA710073C05D /* ToolTests.xctest */;
			productType = "com.apple.product-type.bundle.unit-test";
		};
/* End PBXNativeTarget section */

/* Begin PBXProject section */
		BF0FF24A1B06FA710073C05D /* Project object */ = {
			isa = PBXProject;
			attributes = {
				LastUpgradeCheck = 0630;
				ORGANIZATIONNAME = "Vincent Fiorentini";
				TargetAttributes = {
					BF0FF2511B06FA710073C05D = {
						CreatedOnToolsVersion = 6.3.1;
					};
					BF0FF2671B06FA710073C05D = {
						CreatedOnToolsVersion = 6.3.1;
						TestTargetID = BF0FF2511B06FA710073C05D;
					};
				};
			};
			buildConfigurationList = BF0FF24D1B06FA710073C05D /* Build configuration list for PBXProject "Tool" */;
			compatibilityVersion = "Xcode 3.2";
			developmentRegion = English;
			hasScannedForEncodings = 0;
			knownRegions = (
				en,
				Base,
			);
			mainGroup = BF0FF2491B06FA710073C05D;
			productRefGroup = BF0FF2531B06FA710073C05D /* Products */;
			projectDirPath = "";
			projectRoot = "";
			targets = (
				BF0FF2511B06FA710073C05D /* Tool */,
				BF0FF2671B06FA710073C05D /* ToolTests */,
			);
		};
/* End PBXProject section */

/* Begin PBXResourcesBuildPhase section */
		BF0FF2501B06FA710073C05D /* Resources */ = {
			isa = PBXResourcesBuildPhase;
			buildActionMask = 2147483647;
			files = (
				BF0FF2601B06FA710073C05D /* Images.xcassets in Resources */,
				BF0FF2631B06FA710073C05D /* Main.storyboard in Resources */,
			);
			runOnlyForDeploymentPostprocessing = 0;
		};
		BF0FF2661B06FA710073C05D /* Resources */ = {
			isa = PBXResourcesBuildPhase;
			buildActionMask = 2147483647;
			files = (
			);
			runOnlyForDeploymentPostprocessing = 0;
		};
/* End PBXResourcesBuildPhase section */

/* Begin PBXSourcesBuildPhase section */
		BF0FF24E1B06FA710073C05D /* Sources */ = {
			isa = PBXSourcesBuildPhase;
			buildActionMask = 2147483647;
			files = (
				BF0FF25E1B06FA710073C05D /* ViewController.m in Sources */,
				BF0FF25B1B06FA710073C05D /* main.m in Sources */,
				BF0FF2591B06FA710073C05D /* AppDelegate.m in Sources */,
			);
			runOnlyForDeploymentPostprocessing = 0;
		};
		BF0FF2641B06FA710073C05D /* Sources */ = {
			isa = PBXSourcesBuildPhase;
			buildActionMask = 2147483647;
			files = (
				BF0FF26F1B06FA710073C05D /* ToolTests.m in Sources */,
			);
			runOnlyForDeploymentPostprocessing = 0;
		};
/* End PBXSourcesBuildPhase section */

/* Begin PBXTargetDependency section */
		BF0FF26A1B06FA710073C05D /* PBXTargetDependency */ = {
			isa = PBXTargetDependency;
			target = BF0FF2511B06FA710073C05D /* Tool */;
			targetProxy = BF0FF2691B06FA710073C05D /* PBXContainerItemProxy */;
		};
/* End PBXTargetDependency section */

/* Begin PBXVariantGroup section */
		BF0FF2611B06FA710073C05D /* Main.storyboard */ = {
			isa = PBXVariantGroup;
			children = (
				BF0FF2621B06FA710073C05D /* Base */,
			);
			name = Main.storyboard;
			sourceTree = "<group>";
		};
/* End PBXVariantGroup section */

/* Begin XCBuildConfiguration section */
		BF0FF2701B06FA710073C05D /* Debug */ = {
			isa = XCBuildConfiguration;
			buildSettings = {
				ALWAYS_SEARCH_USER_PATHS = NO;
				CLANG_CXX_LANGUAGE_STANDARD = "gnu++0x";
				CLANG_CXX_LIBRARY = "libc++";
				CLANG_ENABLE_MODULES = YES;
				CLANG_ENABLE_OBJC_ARC = YES;
				CLANG_WARN_BOOL_CONVERSION = YES;
				CLANG_WARN_CONSTANT_CONVERSION = YES;
				CLANG_WARN_DIRECT_OBJC_ISA_USAGE = YES_ERROR;
				CLANG_WARN_EMPTY_BODY = YES;
				CLANG_WARN_ENUM_CONVERSION = YES;
				CLANG_WARN_INT_CONVERSION = YES;
				CLANG_WARN_OBJC_ROOT_CLASS = YES_ERROR;
				CLANG_WARN_UNREACHABLE_CODE = YES;
				CLANG_WARN__DUPLICATE_METHOD_MATCH = YES;
				CODE_SIGN_IDENTITY = "-";
				COPY_PHASE_STRIP = NO;
				DEBUG_INFORMATION_FORMAT = dwarf;
				ENABLE_STRICT_OBJC_MSGSEND = YES;
				GCC_C_LANGUAGE_STANDARD = gnu99;
				GCC_DYNAMIC_NO_PIC = NO;
				GCC_NO_COMMON_BLOCKS = YES;
				GCC_OPTIMIZATION_LEVEL = 0;
				GCC_PREPROCESSOR_DEFINITIONS = (
					"DEBUG=1",
					"$(inherited)",
				);
				GCC_SYMBOLS_PRIVATE_EXTERN = NO;
				GCC_WARN_64_TO_32_BIT_CONVERSION = YES;
				GCC_WARN_ABOUT_RETURN_TYPE = YES_ERROR;
				GCC_WARN_UNDECLARED_SELECTOR = YES;
				GCC_WARN_UNINITIALIZED_AUTOS = YES_AGGRESSIVE;
				GCC_WARN_UNUSED_FUNCTION = YES;
				GCC_WARN_UNUSED_VARIABLE = YES;
				MACOSX_DEPLOYMENT_TARGET = 10.10;
				MTL_ENABLE_DEBUG_INFO = YES;
				ONLY_ACTIVE_ARCH = YES;
				SDKROOT = macosx;
			};
			name = Debug;
		};
		BF0FF2711B06FA710073C05D /* Release */ = {
			isa = XCBuildConfiguration;
			buildSettings = {
				ALWAYS_SEARCH_USER_PATHS = NO;
				CLANG_CXX_LANGUAGE_STANDARD = "gnu++0x";
				CLANG_CXX_LIBRARY = "libc++";
				CLANG_ENABLE_MODULES = YES;
				CLANG_ENABLE_OBJC_ARC = YES;
				CLANG_WARN_BOOL_CONVERSION = YES;
				CLANG_WARN_CONSTANT_CONVERSION = YES;
				CLANG_WARN_DIRECT_OBJC_ISA_USAGE = YES_ERROR;
				CLANG_WARN_EMPTY_BODY = YES;
				CLANG_WARN_ENUM_CONVERSION = YES;
				CLANG_WARN_INT_CONVERSION = YES;
				CLANG_WARN_OBJC_ROOT_CLASS = YES_ERROR;
				CLANG_WARN_UNREACHABLE_CODE = YES;
				CLANG_WARN__DUPLICATE_METHOD_MATCH = YES;
				CODE_SIGN_IDENTITY = "-";
				COPY_PHASE_STRIP = NO;
				DEBUG_INFORMATION_FORMAT = "dwarf-with-dsym";
				ENABLE_NS_ASSERTIONS = NO;
				ENABLE_STRICT_OBJC_MSGSEND = YES;
				GCC_C_LANGUAGE_STANDARD = gnu99;
				GCC_NO_COMMON_BLOCKS = YES;
				GCC_WARN_64_TO_32_BIT_CONVERSION = YES;
				GCC_WARN_ABOUT_RETURN_TYPE = YES_ERROR;
				GCC_WARN_UNDECLARED_SELECTOR = YES;
				GCC_WARN_UNINITIALIZED_AUTOS = YES_AGGRESSIVE;
				GCC_WARN_UNUSED_FUNCTION = YES;
				GCC_WARN_UNUSED_VARIABLE = YES;
				MACOSX_DEPLOYMENT_TARGET = 10.10;
				MTL_ENABLE_DEBUG_INFO = NO;
				SDKROOT = macosx;
			};
			name = Release;
		};
		BF0FF2731B06FA710073C05D /* Debug */ = {
			isa = XCBuildConfiguration;
			buildSettings = {
				ASSETCATALOG_COMPILER_APPICON_NAME = AppIcon;
				COMBINE_HIDPI_IMAGES = YES;
				INFOPLIST_FILE = Tool/Info.plist;
				LD_RUNPATH_SEARCH_PATHS = "$(inherited) @executable_path/../Frameworks";
				PRODUCT_NAME = "$(TARGET_NAME)";
			};
			name = Debug;
		};
		BF0FF2741B06FA710073C05D /* Release */ = {
			isa = XCBuildConfiguration;
			buildSettings = {
				ASSETCATALOG_COMPILER_APPICON_NAME = AppIcon;
				COMBINE_HIDPI_IMAGES = YES;
				INFOPLIST_FILE = Tool/Info.plist;
				LD_RUNPATH_SEARCH_PATHS = "$(inherited) @executable_path/../Frameworks";
				PRODUCT_NAME = "$(TARGET_NAME)";
			};
			name = Release;
		};
		BF0FF2761B06FA710073C05D /* Debug */ = {
			isa = XCBuildConfiguration;
			buildSettings = {
				BUNDLE_LOADER = "$(TEST_HOST)";
				COMBINE_HIDPI_IMAGES = YES;
				FRAMEWORK_SEARCH_PATHS = (
					"$(DEVELOPER_FRAMEWORKS_DIR)",
					"$(inherited)",
				);
				GCC_PREPROCESSOR_DEFINITIONS = (
					"DEBUG=1",
					"$(inherited)",
				);
				INFOPLIST_FILE = ToolTests/Info.plist;
				LD_RUNPATH_SEARCH_PATHS = "$(inherited) @executable_path/../Frameworks @loader_path/../Frameworks";
				PRODUCT_NAME = "$(TARGET_NAME)";
				TEST_HOST = "$(BUILT_PRODUCTS_DIR)/Tool.app/Contents/MacOS/Tool";
			};
			name = Debug;
		};
		BF0FF2771B06FA710073C05D /* Release */ = {
			isa = XCBuildConfiguration;
			buildSettings = {
				BUNDLE_LOADER = "$(TEST_HOST)";
				COMBINE_HIDPI_IMAGES = YES;
				FRAMEWORK_SEARCH_PATHS = (
					"$(DEVELOPER_FRAMEWORKS_DIR)",
					"$(inherited)",
				);
				INFOPLIST_FILE = ToolTests/Info.plist;
				LD_RUNPATH_SEARCH_PATHS = "$(inherited) @executable_path/../Frameworks @loader_path/../Frameworks";
				PRODUCT_NAME = "$(TARGET_NAME)";
				TEST_HOST = "$(BUILT_PRODUCTS_DIR)/Tool.app/Contents/MacOS/Tool";
			};
			name = Release;
		};
/* End XCBuildConfiguration section */

/* Begin XCConfigurationList section */
		BF0FF24D1B06FA710073C05D /* Build configuration list for PBXProject "Tool" */ = {
			isa = XCConfigurationList;
			buildConfigurations = (
				BF0FF2701B06FA710073C05D /* Debug */,
				BF0FF2711B06FA710073C05D /* Release */,
			);
			defaultConfigurationIsVisible = 0;
			defaultConfigurationName = Release;
		};
		BF0FF2721B06FA710073C05D /* Build configuration list for PBXNativeTarget "Tool" */ = {
			isa = XCConfigurationList;
			buildConfigurations = (
				BF0FF2731B06FA710073C05D /* Debug */,
				BF0FF2741B06FA710073C05D /* Release */,
			);
			defaultConfigurationIsVisible = 0;
		};
		BF0FF2751B06FA710073C05D /* Build configuration list for PBXNativeTarget "ToolTests" */ = {
			isa = XCConfigurationList;
			buildConfigurations = (
				BF0FF2761B06FA710073C05D /* Debug */,
				BF0FF2771B06FA710073C05D /* Release */,
			);
			defaultConfigurationIsVisible = 0;
		};
/* End XCConfigurationList section */
	};
	rootObject = BF0FF24A1B06FA710073C05D /* Project object */;
}
